// !$*UTF8*$!
{
	archiveVersion = 1;
	classes = {
	};
	objectVersion = 51;
	objects = {

/* Begin PBXBuildFile section */
		CA8762DE2AC3C0BBC0E75A45 /* Pods_SearchGithubUserApp.framework in Frameworks */ = {isa = PBXBuildFile; fileRef = B948D9EA8A8976EED425D62F /* Pods_SearchGithubUserApp.framework */; };
		CC7413DC23A671DB005D540C /* AppDelegate.swift in Sources */ = {isa = PBXBuildFile; fileRef = CC7413DB23A671DB005D540C /* AppDelegate.swift */; };
		CC7413DE23A671DB005D540C /* SceneDelegate.swift in Sources */ = {isa = PBXBuildFile; fileRef = CC7413DD23A671DB005D540C /* SceneDelegate.swift */; };
		CC7413E323A671DB005D540C /* Main.storyboard in Resources */ = {isa = PBXBuildFile; fileRef = CC7413E123A671DB005D540C /* Main.storyboard */; };
		CC7413E523A671E0005D540C /* Assets.xcassets in Resources */ = {isa = PBXBuildFile; fileRef = CC7413E423A671E0005D540C /* Assets.xcassets */; };
		CC7413E823A671E0005D540C /* LaunchScreen.storyboard in Resources */ = {isa = PBXBuildFile; fileRef = CC7413E623A671E0005D540C /* LaunchScreen.storyboard */; };
		CC7413F123A67492005D540C /* User.swift in Sources */ = {isa = PBXBuildFile; fileRef = CC7413F023A67492005D540C /* User.swift */; };
		CC7413F323A67B33005D540C /* GithubRequest.swift in Sources */ = {isa = PBXBuildFile; fileRef = CC7413F223A67B33005D540C /* GithubRequest.swift */; };
		CC7413F523A67D32005D540C /* SearchUserRequest.swift in Sources */ = {isa = PBXBuildFile; fileRef = CC7413F423A67D32005D540C /* SearchUserRequest.swift */; };
		CC7413F723A68635005D540C /* GithubAPIClient.swift in Sources */ = {isa = PBXBuildFile; fileRef = CC7413F623A68635005D540C /* GithubAPIClient.swift */; };
		CC7413F923A68861005D540C /* Result.swift in Sources */ = {isa = PBXBuildFile; fileRef = CC7413F823A68861005D540C /* Result.swift */; };
		CC7413FC23A691C6005D540C /* SearchUserViewController.swift in Sources */ = {isa = PBXBuildFile; fileRef = CC7413FB23A691C6005D540C /* SearchUserViewController.swift */; };
		CC74140123A69412005D540C /* UserTableViewCell.swift in Sources */ = {isa = PBXBuildFile; fileRef = CC7413FF23A69412005D540C /* UserTableViewCell.swift */; };
		CC74140223A69412005D540C /* UserTableViewCell.xib in Resources */ = {isa = PBXBuildFile; fileRef = CC74140023A69412005D540C /* UserTableViewCell.xib */; };
		CC74140523A6AF31005D540C /* SearchUserPresenter.swift in Sources */ = {isa = PBXBuildFile; fileRef = CC74140423A6AF31005D540C /* SearchUserPresenter.swift */; };
		CC74140823A6B7F2005D540C /* SearchUserModel.swift in Sources */ = {isa = PBXBuildFile; fileRef = CC74140723A6B7F2005D540C /* SearchUserModel.swift */; };
		CC74140A23A6BF32005D540C /* DetailWebViewController.swift in Sources */ = {isa = PBXBuildFile; fileRef = CC74140923A6BF32005D540C /* DetailWebViewController.swift */; };
/* End PBXBuildFile section */

/* Begin PBXFileReference section */
		598A4FBF4AC3603A81236F2D /* Pods-SearchGithubUserApp.release.xcconfig */ = {isa = PBXFileReference; includeInIndex = 1; lastKnownFileType = text.xcconfig; name = "Pods-SearchGithubUserApp.release.xcconfig"; path = "Target Support Files/Pods-SearchGithubUserApp/Pods-SearchGithubUserApp.release.xcconfig"; sourceTree = "<group>"; };
		B5124B73A99B6D99AC2BB018 /* Pods-SearchGithubUserApp.debug.xcconfig */ = {isa = PBXFileReference; includeInIndex = 1; lastKnownFileType = text.xcconfig; name = "Pods-SearchGithubUserApp.debug.xcconfig"; path = "Target Support Files/Pods-SearchGithubUserApp/Pods-SearchGithubUserApp.debug.xcconfig"; sourceTree = "<group>"; };
		B948D9EA8A8976EED425D62F /* Pods_SearchGithubUserApp.framework */ = {isa = PBXFileReference; explicitFileType = wrapper.framework; includeInIndex = 0; path = Pods_SearchGithubUserApp.framework; sourceTree = BUILT_PRODUCTS_DIR; };
		CC7413D823A671DB005D540C /* SearchGithubUserApp.app */ = {isa = PBXFileReference; explicitFileType = wrapper.application; includeInIndex = 0; path = SearchGithubUserApp.app; sourceTree = BUILT_PRODUCTS_DIR; };
		CC7413DB23A671DB005D540C /* AppDelegate.swift */ = {isa = PBXFileReference; lastKnownFileType = sourcecode.swift; path = AppDelegate.swift; sourceTree = "<group>"; };
		CC7413DD23A671DB005D540C /* SceneDelegate.swift */ = {isa = PBXFileReference; lastKnownFileType = sourcecode.swift; path = SceneDelegate.swift; sourceTree = "<group>"; };
		CC7413E223A671DB005D540C /* Base */ = {isa = PBXFileReference; lastKnownFileType = file.storyboard; name = Base; path = Base.lproj/Main.storyboard; sourceTree = "<group>"; };
		CC7413E423A671E0005D540C /* Assets.xcassets */ = {isa = PBXFileReference; lastKnownFileType = folder.assetcatalog; path = Assets.xcassets; sourceTree = "<group>"; };
		CC7413E723A671E0005D540C /* Base */ = {isa = PBXFileReference; lastKnownFileType = file.storyboard; name = Base; path = Base.lproj/LaunchScreen.storyboard; sourceTree = "<group>"; };
		CC7413E923A671E0005D540C /* Info.plist */ = {isa = PBXFileReference; lastKnownFileType = text.plist.xml; path = Info.plist; sourceTree = "<group>"; };
		CC7413F023A67492005D540C /* User.swift */ = {isa = PBXFileReference; lastKnownFileType = sourcecode.swift; path = User.swift; sourceTree = "<group>"; };
		CC7413F223A67B33005D540C /* GithubRequest.swift */ = {isa = PBXFileReference; lastKnownFileType = sourcecode.swift; path = GithubRequest.swift; sourceTree = "<group>"; };
		CC7413F423A67D32005D540C /* SearchUserRequest.swift */ = {isa = PBXFileReference; lastKnownFileType = sourcecode.swift; path = SearchUserRequest.swift; sourceTree = "<group>"; };
		CC7413F623A68635005D540C /* GithubAPIClient.swift */ = {isa = PBXFileReference; lastKnownFileType = sourcecode.swift; path = GithubAPIClient.swift; sourceTree = "<group>"; };
		CC7413F823A68861005D540C /* Result.swift */ = {isa = PBXFileReference; lastKnownFileType = sourcecode.swift; path = Result.swift; sourceTree = "<group>"; };
		CC7413FB23A691C6005D540C /* SearchUserViewController.swift */ = {isa = PBXFileReference; lastKnownFileType = sourcecode.swift; path = SearchUserViewController.swift; sourceTree = "<group>"; };
		CC7413FF23A69412005D540C /* UserTableViewCell.swift */ = {isa = PBXFileReference; lastKnownFileType = sourcecode.swift; path = UserTableViewCell.swift; sourceTree = "<group>"; };
		CC74140023A69412005D540C /* UserTableViewCell.xib */ = {isa = PBXFileReference; lastKnownFileType = file.xib; path = UserTableViewCell.xib; sourceTree = "<group>"; };
		CC74140423A6AF31005D540C /* SearchUserPresenter.swift */ = {isa = PBXFileReference; lastKnownFileType = sourcecode.swift; path = SearchUserPresenter.swift; sourceTree = "<group>"; };
		CC74140723A6B7F2005D540C /* SearchUserModel.swift */ = {isa = PBXFileReference; lastKnownFileType = sourcecode.swift; path = SearchUserModel.swift; sourceTree = "<group>"; };
		CC74140923A6BF32005D540C /* DetailWebViewController.swift */ = {isa = PBXFileReference; lastKnownFileType = sourcecode.swift; path = DetailWebViewController.swift; sourceTree = "<group>"; };
/* End PBXFileReference section */

/* Begin PBXFrameworksBuildPhase section */
		CC7413D523A671DB005D540C /* Frameworks */ = {
			isa = PBXFrameworksBuildPhase;
			buildActionMask = 2147483647;
			files = (
				CA8762DE2AC3C0BBC0E75A45 /* Pods_SearchGithubUserApp.framework in Frameworks */,
			);
			runOnlyForDeploymentPostprocessing = 0;
		};
/* End PBXFrameworksBuildPhase section */

/* Begin PBXGroup section */
		3C1DF7D58BD52865F65B9B5F /* Frameworks */ = {
			isa = PBXGroup;
			children = (
				B948D9EA8A8976EED425D62F /* Pods_SearchGithubUserApp.framework */,
			);
			name = Frameworks;
			sourceTree = "<group>";
		};
		B6BFBEB5B558C1918BBB7B3C /* Pods */ = {
			isa = PBXGroup;
			children = (
				B5124B73A99B6D99AC2BB018 /* Pods-SearchGithubUserApp.debug.xcconfig */,
				598A4FBF4AC3603A81236F2D /* Pods-SearchGithubUserApp.release.xcconfig */,
			);
			path = Pods;
			sourceTree = "<group>";
		};
		CC7413CF23A671DB005D540C = {
			isa = PBXGroup;
			children = (
				CC7413DA23A671DB005D540C /* SearchGithubUserApp */,
				CC7413D923A671DB005D540C /* Products */,
				B6BFBEB5B558C1918BBB7B3C /* Pods */,
				3C1DF7D58BD52865F65B9B5F /* Frameworks */,
			);
			sourceTree = "<group>";
		};
		CC7413D923A671DB005D540C /* Products */ = {
			isa = PBXGroup;
			children = (
				CC7413D823A671DB005D540C /* SearchGithubUserApp.app */,
			);
			name = Products;
			sourceTree = "<group>";
		};
		CC7413DA23A671DB005D540C /* SearchGithubUserApp */ = {
			isa = PBXGroup;
			children = (
				CC74140623A6B7E2005D540C /* Model */,
				CC74140323A6AEFE005D540C /* Presenter */,
				CC7413FA23A69162005D540C /* View */,
				CC7413EF23A6747B005D540C /* GithubAPI */,
				CC7413DB23A671DB005D540C /* AppDelegate.swift */,
				CC7413DD23A671DB005D540C /* SceneDelegate.swift */,
				CC7413E123A671DB005D540C /* Main.storyboard */,
				CC7413E423A671E0005D540C /* Assets.xcassets */,
				CC7413E623A671E0005D540C /* LaunchScreen.storyboard */,
				CC7413E923A671E0005D540C /* Info.plist */,
			);
			path = SearchGithubUserApp;
			sourceTree = "<group>";
		};
		CC7413EF23A6747B005D540C /* GithubAPI */ = {
			isa = PBXGroup;
			children = (
				CC7413F823A68861005D540C /* Result.swift */,
				CC7413F023A67492005D540C /* User.swift */,
				CC7413F423A67D32005D540C /* SearchUserRequest.swift */,
				CC7413F223A67B33005D540C /* GithubRequest.swift */,
				CC7413F623A68635005D540C /* GithubAPIClient.swift */,
			);
			path = GithubAPI;
			sourceTree = "<group>";
		};
		CC7413FA23A69162005D540C /* View */ = {
			isa = PBXGroup;
			children = (
				CC74140B23A6D5D0005D540C /* SearchUser */,
				CC74140C23A6D5E8005D540C /* DetailWeb */,
			);
			path = View;
			sourceTree = "<group>";
		};
		CC74140323A6AEFE005D540C /* Presenter */ = {
			isa = PBXGroup;
			children = (
				CC74140423A6AF31005D540C /* SearchUserPresenter.swift */,
			);
			path = Presenter;
			sourceTree = "<group>";
		};
		CC74140623A6B7E2005D540C /* Model */ = {
			isa = PBXGroup;
			children = (
				CC74140723A6B7F2005D540C /* SearchUserModel.swift */,
			);
			path = Model;
			sourceTree = "<group>";
		};
		CC74140B23A6D5D0005D540C /* SearchUser */ = {
			isa = PBXGroup;
			children = (
				CC7413FB23A691C6005D540C /* SearchUserViewController.swift */,
				CC7413FF23A69412005D540C /* UserTableViewCell.swift */,
				CC74140023A69412005D540C /* UserTableViewCell.xib */,
			);
			path = SearchUser;
			sourceTree = "<group>";
		};
		CC74140C23A6D5E8005D540C /* DetailWeb */ = {
			isa = PBXGroup;
			children = (
				CC74140923A6BF32005D540C /* DetailWebViewController.swift */,
			);
			path = DetailWeb;
			sourceTree = "<group>";
		};
/* End PBXGroup section */

/* Begin PBXNativeTarget section */
		CC7413D723A671DB005D540C /* SearchGithubUserApp */ = {
			isa = PBXNativeTarget;
			buildConfigurationList = CC7413EC23A671E0005D540C /* Build configuration list for PBXNativeTarget "SearchGithubUserApp" */;
			buildPhases = (
				4C375DE925F7969C8F4B86D4 /* [CP] Check Pods Manifest.lock */,
				CC7413D423A671DB005D540C /* Sources */,
				CC7413D523A671DB005D540C /* Frameworks */,
				CC7413D623A671DB005D540C /* Resources */,
				4913C37E348484D874325F0F /* [CP] Embed Pods Frameworks */,
			);
			buildRules = (
			);
			dependencies = (
			);
			name = SearchGithubUserApp;
			productName = SearchGithubUserApp;
			productReference = CC7413D823A671DB005D540C /* SearchGithubUserApp.app */;
			productType = "com.apple.product-type.application";
		};
/* End PBXNativeTarget section */

/* Begin PBXProject section */
		CC7413D023A671DB005D540C /* Project object */ = {
			isa = PBXProject;
			attributes = {
				LastSwiftUpdateCheck = 1100;
				LastUpgradeCheck = 1100;
				ORGANIZATIONNAME = "市川 星磨";
				TargetAttributes = {
					CC7413D723A671DB005D540C = {
						CreatedOnToolsVersion = 11.0;
					};
				};
			};
			buildConfigurationList = CC7413D323A671DB005D540C /* Build configuration list for PBXProject "SearchGithubUserApp" */;
			compatibilityVersion = "Xcode 9.3";
			developmentRegion = en;
			hasScannedForEncodings = 0;
			knownRegions = (
				en,
				Base,
			);
			mainGroup = CC7413CF23A671DB005D540C;
			productRefGroup = CC7413D923A671DB005D540C /* Products */;
			projectDirPath = "";
			projectRoot = "";
			targets = (
				CC7413D723A671DB005D540C /* SearchGithubUserApp */,
			);
		};
/* End PBXProject section */

/* Begin PBXResourcesBuildPhase section */
		CC7413D623A671DB005D540C /* Resources */ = {
			isa = PBXResourcesBuildPhase;
			buildActionMask = 2147483647;
			files = (
				CC74140223A69412005D540C /* UserTableViewCell.xib in Resources */,
				CC7413E823A671E0005D540C /* LaunchScreen.storyboard in Resources */,
				CC7413E523A671E0005D540C /* Assets.xcassets in Resources */,
				CC7413E323A671DB005D540C /* Main.storyboard in Resources */,
			);
			runOnlyForDeploymentPostprocessing = 0;
		};
/* End PBXResourcesBuildPhase section */

/* Begin PBXShellScriptBuildPhase section */
		4913C37E348484D874325F0F /* [CP] Embed Pods Frameworks */ = {
			isa = PBXShellScriptBuildPhase;
			buildActionMask = 2147483647;
			files = (
			);
			inputFileListPaths = (
				"${PODS_ROOT}/Target Support Files/Pods-SearchGithubUserApp/Pods-SearchGithubUserApp-frameworks-${CONFIGURATION}-input-files.xcfilelist",
			);
			name = "[CP] Embed Pods Frameworks";
			outputFileListPaths = (
				"${PODS_ROOT}/Target Support Files/Pods-SearchGithubUserApp/Pods-SearchGithubUserApp-frameworks-${CONFIGURATION}-output-files.xcfilelist",
			);
			runOnlyForDeploymentPostprocessing = 0;
			shellPath = /bin/sh;
			shellScript = "\"${PODS_ROOT}/Target Support Files/Pods-SearchGithubUserApp/Pods-SearchGithubUserApp-frameworks.sh\"\n";
			showEnvVarsInLog = 0;
		};
		4C375DE925F7969C8F4B86D4 /* [CP] Check Pods Manifest.lock */ = {
			isa = PBXShellScriptBuildPhase;
			buildActionMask = 2147483647;
			files = (
			);
			inputFileListPaths = (
			);
			inputPaths = (
				"${PODS_PODFILE_DIR_PATH}/Podfile.lock",
				"${PODS_ROOT}/Manifest.lock",
			);
			name = "[CP] Check Pods Manifest.lock";
			outputFileListPaths = (
			);
			outputPaths = (
				"$(DERIVED_FILE_DIR)/Pods-SearchGithubUserApp-checkManifestLockResult.txt",
			);
			runOnlyForDeploymentPostprocessing = 0;
			shellPath = /bin/sh;
			shellScript = "diff \"${PODS_PODFILE_DIR_PATH}/Podfile.lock\" \"${PODS_ROOT}/Manifest.lock\" > /dev/null\nif [ $? != 0 ] ; then\n    # print error to STDERR\n    echo \"error: The sandbox is not in sync with the Podfile.lock. Run 'pod install' or update your CocoaPods installation.\" >&2\n    exit 1\nfi\n# This output is used by Xcode 'outputs' to avoid re-running this script phase.\necho \"SUCCESS\" > \"${SCRIPT_OUTPUT_FILE_0}\"\n";
			showEnvVarsInLog = 0;
		};
/* End PBXShellScriptBuildPhase section */

/* Begin PBXSourcesBuildPhase section */
		CC7413D423A671DB005D540C /* Sources */ = {
			isa = PBXSourcesBuildPhase;
			buildActionMask = 2147483647;
			files = (
				CC7413F123A67492005D540C /* User.swift in Sources */,
				CC7413FC23A691C6005D540C /* SearchUserViewController.swift in Sources */,
				CC74140523A6AF31005D540C /* SearchUserPresenter.swift in Sources */,
				CC7413F723A68635005D540C /* GithubAPIClient.swift in Sources */,
				CC74140123A69412005D540C /* UserTableViewCell.swift in Sources */,
				CC74140823A6B7F2005D540C /* SearchUserModel.swift in Sources */,
				CC7413F523A67D32005D540C /* SearchUserRequest.swift in Sources */,
				CC74140A23A6BF32005D540C /* DetailWebViewController.swift in Sources */,
				CC7413DC23A671DB005D540C /* AppDelegate.swift in Sources */,
				CC7413DE23A671DB005D540C /* SceneDelegate.swift in Sources */,
				CC7413F923A68861005D540C /* Result.swift in Sources */,
				CC7413F323A67B33005D540C /* GithubRequest.swift in Sources */,
			);
			runOnlyForDeploymentPostprocessing = 0;
		};
/* End PBXSourcesBuildPhase section */

/* Begin PBXVariantGroup section */
		CC7413E123A671DB005D540C /* Main.storyboard */ = {
			isa = PBXVariantGroup;
			children = (
				CC7413E223A671DB005D540C /* Base */,
			);
			name = Main.storyboard;
			sourceTree = "<group>";
		};
		CC7413E623A671E0005D540C /* LaunchScreen.storyboard */ = {
			isa = PBXVariantGroup;
			children = (
				CC7413E723A671E0005D540C /* Base */,
			);
			name = LaunchScreen.storyboard;
			sourceTree = "<group>";
		};
/* End PBXVariantGroup section */

/* Begin XCBuildConfiguration section */
		CC7413EA23A671E0005D540C /* Debug */ = {
			isa = XCBuildConfiguration;
			buildSettings = {
				ALWAYS_SEARCH_USER_PATHS = NO;
				CLANG_ANALYZER_NONNULL = YES;
				CLANG_ANALYZER_NUMBER_OBJECT_CONVERSION = YES_AGGRESSIVE;
				CLANG_CXX_LANGUAGE_STANDARD = "gnu++14";
				CLANG_CXX_LIBRARY = "libc++";
				CLANG_ENABLE_MODULES = YES;
				CLANG_ENABLE_OBJC_ARC = YES;
				CLANG_ENABLE_OBJC_WEAK = YES;
				CLANG_WARN_BLOCK_CAPTURE_AUTORELEASING = YES;
				CLANG_WARN_BOOL_CONVERSION = YES;
				CLANG_WARN_COMMA = YES;
				CLANG_WARN_CONSTANT_CONVERSION = YES;
				CLANG_WARN_DEPRECATED_OBJC_IMPLEMENTATIONS = YES;
				CLANG_WARN_DIRECT_OBJC_ISA_USAGE = YES_ERROR;
				CLANG_WARN_DOCUMENTATION_COMMENTS = YES;
				CLANG_WARN_EMPTY_BODY = YES;
				CLANG_WARN_ENUM_CONVERSION = YES;
				CLANG_WARN_INFINITE_RECURSION = YES;
				CLANG_WARN_INT_CONVERSION = YES;
				CLANG_WARN_NON_LITERAL_NULL_CONVERSION = YES;
				CLANG_WARN_OBJC_IMPLICIT_RETAIN_SELF = YES;
				CLANG_WARN_OBJC_LITERAL_CONVERSION = YES;
				CLANG_WARN_OBJC_ROOT_CLASS = YES_ERROR;
				CLANG_WARN_RANGE_LOOP_ANALYSIS = YES;
				CLANG_WARN_STRICT_PROTOTYPES = YES;
				CLANG_WARN_SUSPICIOUS_MOVE = YES;
				CLANG_WARN_UNGUARDED_AVAILABILITY = YES_AGGRESSIVE;
				CLANG_WARN_UNREACHABLE_CODE = YES;
				CLANG_WARN__DUPLICATE_METHOD_MATCH = YES;
				COPY_PHASE_STRIP = NO;
				DEBUG_INFORMATION_FORMAT = dwarf;
				ENABLE_STRICT_OBJC_MSGSEND = YES;
				ENABLE_TESTABILITY = YES;
				GCC_C_LANGUAGE_STANDARD = gnu11;
				GCC_DYNAMIC_NO_PIC = NO;
				GCC_NO_COMMON_BLOCKS = YES;
				GCC_OPTIMIZATION_LEVEL = 0;
				GCC_PREPROCESSOR_DEFINITIONS = (
					"DEBUG=1",
					"$(inherited)",
				);
				GCC_WARN_64_TO_32_BIT_CONVERSION = YES;
				GCC_WARN_ABOUT_RETURN_TYPE = YES_ERROR;
				GCC_WARN_UNDECLARED_SELECTOR = YES;
				GCC_WARN_UNINITIALIZED_AUTOS = YES_AGGRESSIVE;
				GCC_WARN_UNUSED_FUNCTION = YES;
				GCC_WARN_UNUSED_VARIABLE = YES;
				IPHONEOS_DEPLOYMENT_TARGET = 13.0;
				MTL_ENABLE_DEBUG_INFO = INCLUDE_SOURCE;
				MTL_FAST_MATH = YES;
				ONLY_ACTIVE_ARCH = YES;
				SDKROOT = iphoneos;
				SWIFT_ACTIVE_COMPILATION_CONDITIONS = DEBUG;
				SWIFT_OPTIMIZATION_LEVEL = "-Onone";
			};
			name = Debug;
		};
		CC7413EB23A671E0005D540C /* Release */ = {
			isa = XCBuildConfiguration;
			buildSettings = {
				ALWAYS_SEARCH_USER_PATHS = NO;
				CLANG_ANALYZER_NONNULL = YES;
				CLANG_ANALYZER_NUMBER_OBJECT_CONVERSION = YES_AGGRESSIVE;
				CLANG_CXX_LANGUAGE_STANDARD = "gnu++14";
				CLANG_CXX_LIBRARY = "libc++";
				CLANG_ENABLE_MODULES = YES;
				CLANG_ENABLE_OBJC_ARC = YES;
				CLANG_ENABLE_OBJC_WEAK = YES;
				CLANG_WARN_BLOCK_CAPTURE_AUTORELEASING = YES;
				CLANG_WARN_BOOL_CONVERSION = YES;
				CLANG_WARN_COMMA = YES;
				CLANG_WARN_CONSTANT_CONVERSION = YES;
				CLANG_WARN_DEPRECATED_OBJC_IMPLEMENTATIONS = YES;
				CLANG_WARN_DIRECT_OBJC_ISA_USAGE = YES_ERROR;
				CLANG_WARN_DOCUMENTATION_COMMENTS = YES;
				CLANG_WARN_EMPTY_BODY = YES;
				CLANG_WARN_ENUM_CONVERSION = YES;
				CLANG_WARN_INFINITE_RECURSION = YES;
				CLANG_WARN_INT_CONVERSION = YES;
				CLANG_WARN_NON_LITERAL_NULL_CONVERSION = YES;
				CLANG_WARN_OBJC_IMPLICIT_RETAIN_SELF = YES;
				CLANG_WARN_OBJC_LITERAL_CONVERSION = YES;
				CLANG_WARN_OBJC_ROOT_CLASS = YES_ERROR;
				CLANG_WARN_RANGE_LOOP_ANALYSIS = YES;
				CLANG_WARN_STRICT_PROTOTYPES = YES;
				CLANG_WARN_SUSPICIOUS_MOVE = YES;
				CLANG_WARN_UNGUARDED_AVAILABILITY = YES_AGGRESSIVE;
				CLANG_WARN_UNREACHABLE_CODE = YES;
				CLANG_WARN__DUPLICATE_METHOD_MATCH = YES;
				COPY_PHASE_STRIP = NO;
				DEBUG_INFORMATION_FORMAT = "dwarf-with-dsym";
				ENABLE_NS_ASSERTIONS = NO;
				ENABLE_STRICT_OBJC_MSGSEND = YES;
				GCC_C_LANGUAGE_STANDARD = gnu11;
				GCC_NO_COMMON_BLOCKS = YES;
				GCC_WARN_64_TO_32_BIT_CONVERSION = YES;
				GCC_WARN_ABOUT_RETURN_TYPE = YES_ERROR;
				GCC_WARN_UNDECLARED_SELECTOR = YES;
				GCC_WARN_UNINITIALIZED_AUTOS = YES_AGGRESSIVE;
				GCC_WARN_UNUSED_FUNCTION = YES;
				GCC_WARN_UNUSED_VARIABLE = YES;
				IPHONEOS_DEPLOYMENT_TARGET = 13.0;
				MTL_ENABLE_DEBUG_INFO = NO;
				MTL_FAST_MATH = YES;
				SDKROOT = iphoneos;
				SWIFT_COMPILATION_MODE = wholemodule;
				SWIFT_OPTIMIZATION_LEVEL = "-O";
				VALIDATE_PRODUCT = YES;
			};
			name = Release;
		};
		CC7413ED23A671E0005D540C /* Debug */ = {
			isa = XCBuildConfiguration;
			baseConfigurationReference = B5124B73A99B6D99AC2BB018 /* Pods-SearchGithubUserApp.debug.xcconfig */;
			buildSettings = {
				ASSETCATALOG_COMPILER_APPICON_NAME = AppIcon;
				CODE_SIGN_STYLE = Automatic;
				DEVELOPMENT_TEAM = SKD58BVR64;
				INFOPLIST_FILE = SearchGithubUserApp/Info.plist;
				LD_RUNPATH_SEARCH_PATHS = (
					"$(inherited)",
					"@executable_path/Frameworks",
				);
				PRODUCT_BUNDLE_IDENTIFIER = com.SearchGithubUserApp;
				PRODUCT_NAME = "$(TARGET_NAME)";
				SWIFT_VERSION = 5.0;
				TARGETED_DEVICE_FAMILY = "1,2";
			};
			name = Debug;
		};
		CC7413EE23A671E0005D540C /* Release */ = {
			isa = XCBuildConfiguration;
			baseConfigurationReference = 598A4FBF4AC3603A81236F2D /* Pods-SearchGithubUserApp.release.xcconfig */;
			buildSettings = {
				ASSETCATALOG_COMPILER_APPICON_NAME = AppIcon;
				CODE_SIGN_STYLE = Automatic;
				DEVELOPMENT_TEAM = SKD58BVR64;
				INFOPLIST_FILE = SearchGithubUserApp/Info.plist;
				LD_RUNPATH_SEARCH_PATHS = (
					"$(inherited)",
					"@executable_path/Frameworks",
				);
				PRODUCT_BUNDLE_IDENTIFIER = com.SearchGithubUserApp;
				PRODUCT_NAME = "$(TARGET_NAME)";
				SWIFT_VERSION = 5.0;
				TARGETED_DEVICE_FAMILY = "1,2";
			};
			name = Release;
		};
/* End XCBuildConfiguration section */

/* Begin XCConfigurationList section */
		CC7413D323A671DB005D540C /* Build configuration list for PBXProject "SearchGithubUserApp" */ = {
			isa = XCConfigurationList;
			buildConfigurations = (
				CC7413EA23A671E0005D540C /* Debug */,
				CC7413EB23A671E0005D540C /* Release */,
			);
			defaultConfigurationIsVisible = 0;
			defaultConfigurationName = Release;
		};
		CC7413EC23A671E0005D540C /* Build configuration list for PBXNativeTarget "SearchGithubUserApp" */ = {
			isa = XCConfigurationList;
			buildConfigurations = (
				CC7413ED23A671E0005D540C /* Debug */,
				CC7413EE23A671E0005D540C /* Release */,
			);
			defaultConfigurationIsVisible = 0;
			defaultConfigurationName = Release;
		};
/* End XCConfigurationList section */
	};
	rootObject = CC7413D023A671DB005D540C /* Project object */;
}
